
Microsoft Visual Studio Solution File, Format Version 12.00
# Visual Studio Version 17
VisualStudioVersion = 17.5.33627.172
MinimumVisualStudioVersion = 10.0.40219.1
Project("{8BC9CEB8-8B4A-11D0-8D11-00A0C91BC942}") = "Kolokwium", "Kolokwium\Kolokwium.vcxproj", "{D6EBE9DD-74DD-4188-A5FD-16CBDB2047DA}"
EndProject
Global
	GlobalSection(SolutionConfigurationPlatforms) = preSolution
		Debug|x64 = Debug|x64
		Debug|x86 = Debug|x86
		Release|x64 = Release|x64
		Release|x86 = Release|x86
	EndGlobalSection
	GlobalSection(ProjectConfigurationPlatforms) = postSolution
		{D6EBE9DD-74DD-4188-A5FD-16CBDB2047DA}.Debug|x64.ActiveCfg = Debug|x64
		{D6EBE9DD-74DD-4188-A5FD-16CBDB2047DA}.Debug|x64.Build.0 = Debug|x64
		{D6EBE9DD-74DD-4188-A5FD-16CBDB2047DA}.Debug|x86.ActiveCfg = Debug|Win32
		{D6EBE9DD-74DD-4188-A5FD-16CBDB2047DA}.Debug|x86.Build.0 = Debug|Win32
		{D6EBE9DD-74DD-4188-A5FD-16CBDB2047DA}.Release|x64.ActiveCfg = Release|x64
		{D6EBE9DD-74DD-4188-A5FD-16CBDB2047DA}.Release|x64.Build.0 = Release|x64
		{D6EBE9DD-74DD-4188-A5FD-16CBDB2047DA}.Release|x86.ActiveCfg = Release|Win32
		{D6EBE9DD-74DD-4188-A5FD-16CBDB2047DA}.Release|x86.Build.0 = Release|Win32
	EndGlobalSection
	GlobalSection(SolutionProperties) = preSolution
		HideSolutionNode = FALSE
	EndGlobalSection
	GlobalSection(ExtensibilityGlobals) = postSolution
		SolutionGuid = {15CD18E2-0C21-41C6-9BAE-49FB3791C789}
	EndGlobalSection
EndGlobal
